{
    "_readme": [
        "This file locks the dependencies of your project to a known state",
        "Read more about it at https://getcomposer.org/doc/01-basic-usage.md#composer-lock-the-lock-file",
        "This file is @generated automatically"
    ],
    "hash": "8dfbd90d3100593975a7f20e476498cd",
    "packages": [
        {
            "name": "zendframework/zend-code",
            "version": "2.5.1",
            "source": {
                "type": "git",
                "url": "https://github.com/zendframework/zend-code.git",
                "reference": "5d998f261ec2a55171c71da57a11622745680153"
            },
            "dist": {
                "type": "zip",
                "url": "https://api.github.com/repos/zendframework/zend-code/zipball/5d998f261ec2a55171c71da57a11622745680153",
                "reference": "5d998f261ec2a55171c71da57a11622745680153",
                "shasum": ""
            },
            "require": {
                "php": ">=5.3.23",
                "zendframework/zend-eventmanager": "~2.5"
            },
            "require-dev": {
                "doctrine/common": ">=2.1",
                "fabpot/php-cs-fixer": "1.7.*",
                "phpunit/phpunit": "~4.0",
                "zendframework/zend-stdlib": "~2.5",
                "zendframework/zend-version": "~2.5"
            },
            "suggest": {
                "doctrine/common": "Doctrine\\Common >=2.1 for annotation features",
                "zendframework/zend-stdlib": "Zend\\Stdlib component"
            },
            "type": "library",
            "extra": {
                "branch-alias": {
                    "dev-master": "2.5-dev",
                    "dev-develop": "2.6-dev"
                }
            },
            "autoload": {
                "psr-4": {
                    "Zend\\Code\\": "src/"
                }
            },
            "notification-url": "https://packagist.org/downloads/",
            "license": [
                "BSD-3-Clause"
            ],
            "description": "provides facilities to generate arbitrary code using an object oriented interface",
            "homepage": "https://github.com/zendframework/zend-code",
            "keywords": [
                "code",
                "zf2"
            ],
            "time": "2015-06-03 15:31:59"
        },
        {
            "name": "zendframework/zend-eventmanager",
            "version": "2.5.1",
            "source": {
                "type": "git",
                "url": "https://github.com/zendframework/zend-eventmanager.git",
                "reference": "d94a16039144936f107f906896349900fd634443"
            },
            "dist": {
                "type": "zip",
                "url": "https://api.github.com/repos/zendframework/zend-eventmanager/zipball/d94a16039144936f107f906896349900fd634443",
                "reference": "d94a16039144936f107f906896349900fd634443",
                "shasum": ""
            },
            "require": {
                "php": ">=5.3.23",
                "zendframework/zend-stdlib": "~2.5"
            },
            "require-dev": {
                "fabpot/php-cs-fixer": "1.7.*",
                "phpunit/phpunit": "~4.0"
            },
            "type": "library",
            "extra": {
                "branch-alias": {
                    "dev-master": "2.5-dev",
                    "dev-develop": "2.6-dev"
                }
            },
            "autoload": {
                "psr-4": {
                    "Zend\\EventManager\\": "src/"
                }
            },
            "notification-url": "https://packagist.org/downloads/",
            "license": [
                "BSD-3-Clause"
            ],
            "homepage": "https://github.com/zendframework/zend-eventmanager",
            "keywords": [
                "eventmanager",
                "zf2"
            ],
            "time": "2015-06-03 15:32:01"
        },
        {
            "name": "zendframework/zend-stdlib",
            "version": "2.5.1",
            "source": {
                "type": "git",
                "url": "https://github.com/zendframework/zend-stdlib.git",
                "reference": "cc8e90a60dd5d44b9730b77d07b97550091da1ae"
            },
            "dist": {
                "type": "zip",
                "url": "https://api.github.com/repos/zendframework/zend-stdlib/zipball/cc8e90a60dd5d44b9730b77d07b97550091da1ae",
                "reference": "cc8e90a60dd5d44b9730b77d07b97550091da1ae",
                "shasum": ""
            },
            "require": {
                "php": ">=5.3.23"
            },
            "require-dev": {
                "fabpot/php-cs-fixer": "1.7.*",
                "phpunit/phpunit": "~4.0",
                "zendframework/zend-config": "~2.5",
                "zendframework/zend-eventmanager": "~2.5",
                "zendframework/zend-filter": "~2.5",
                "zendframework/zend-inputfilter": "~2.5",
                "zendframework/zend-serializer": "~2.5",
                "zendframework/zend-servicemanager": "~2.5"
            },
            "suggest": {
                "zendframework/zend-eventmanager": "To support aggregate hydrator usage",
                "zendframework/zend-filter": "To support naming strategy hydrator usage",
                "zendframework/zend-serializer": "Zend\\Serializer component",
                "zendframework/zend-servicemanager": "To support hydrator plugin manager usage"
            },
            "type": "library",
            "extra": {
                "branch-alias": {
                    "dev-master": "2.5-dev",
                    "dev-develop": "2.6-dev"
                }
            },
            "autoload": {
                "psr-4": {
                    "Zend\\Stdlib\\": "src/"
                }
            },
            "notification-url": "https://packagist.org/downloads/",
            "license": [
                "BSD-3-Clause"
            ],
            "homepage": "https://github.com/zendframework/zend-stdlib",
            "keywords": [
                "stdlib",
                "zf2"
            ],
            "time": "2015-06-03 15:32:03"
        }
    ],
    "packages-dev": [],
    "aliases": [],
    "minimum-stability": "stable",
    "stability-flags": [],
    "prefer-stable": false,
    "prefer-lowest": false,
    "platform": [],
    "platform-dev": []
}
